
Microsoft Visual Studio Solution File, Format Version 12.00
# Visual Studio Version 17
VisualStudioVersion = 17.5.33424.131
MinimumVisualStudioVersion = 10.0.40219.1
Project("{2150E333-8FDC-42A3-9474-1A3956D46DE8}") = "Services", "Services", "{72875358-ACD8-4B4E-8190-0C0E5E5C9BF9}"
EndProject
Project("{2150E333-8FDC-42A3-9474-1A3956D46DE8}") = "Catalog", "Catalog", "{4426ED80-D4DA-48D2-998F-DB1121ABC9B7}"
EndProject
Project("{9A19103F-16F7-4668-BE54-9A1E7A4F7556}") = "Catalog.API", "Services\Catalog\Catalog.API\Catalog.API.csproj", "{885B3750-142F-4584-8797-B75F0FAD7B14}"
EndProject
Project("{E53339B2-1760-4266-BCC7-CA923CBCF16C}") = "docker-compose", "docker-compose.dcproj", "{6DFCD58D-CD77-4F65-8360-8B9B35874268}"
EndProject
Project("{2150E333-8FDC-42A3-9474-1A3956D46DE8}") = "Basket", "Basket", "{E4B4118A-74DD-4254-B72B-EE2A552D27DC}"
EndProject
Project("{9A19103F-16F7-4668-BE54-9A1E7A4F7556}") = "Basket.API", "Services\Basket\Basket.API\Basket.API.csproj", "{ECB05037-101D-4532-BADC-EF432EA8881F}"
EndProject
Project("{2150E333-8FDC-42A3-9474-1A3956D46DE8}") = "Discount", "Discount", "{2F710F73-A9FD-486A-BEFA-D6D2E4192FB2}"
EndProject
Project("{FAE04EC0-301F-11D3-BF4B-00C04F79EFBC}") = "Discount.API", "Services\Discount\Discount.API\Discount.API.csproj", "{FD14D1E8-50FD-45FF-92A2-05FDC2B95ED4}"
EndProject
Global
	GlobalSection(SolutionConfigurationPlatforms) = preSolution
		Debug|Any CPU = Debug|Any CPU
		Release|Any CPU = Release|Any CPU
	EndGlobalSection
	GlobalSection(ProjectConfigurationPlatforms) = postSolution
		{885B3750-142F-4584-8797-B75F0FAD7B14}.Debug|Any CPU.ActiveCfg = Debug|Any CPU
		{885B3750-142F-4584-8797-B75F0FAD7B14}.Debug|Any CPU.Build.0 = Debug|Any CPU
		{885B3750-142F-4584-8797-B75F0FAD7B14}.Release|Any CPU.ActiveCfg = Release|Any CPU
		{885B3750-142F-4584-8797-B75F0FAD7B14}.Release|Any CPU.Build.0 = Release|Any CPU
		{6DFCD58D-CD77-4F65-8360-8B9B35874268}.Debug|Any CPU.ActiveCfg = Debug|Any CPU
		{6DFCD58D-CD77-4F65-8360-8B9B35874268}.Debug|Any CPU.Build.0 = Debug|Any CPU
		{6DFCD58D-CD77-4F65-8360-8B9B35874268}.Release|Any CPU.ActiveCfg = Release|Any CPU
		{6DFCD58D-CD77-4F65-8360-8B9B35874268}.Release|Any CPU.Build.0 = Release|Any CPU
		{ECB05037-101D-4532-BADC-EF432EA8881F}.Debug|Any CPU.ActiveCfg = Debug|Any CPU
		{ECB05037-101D-4532-BADC-EF432EA8881F}.Debug|Any CPU.Build.0 = Debug|Any CPU
		{ECB05037-101D-4532-BADC-EF432EA8881F}.Release|Any CPU.ActiveCfg = Release|Any CPU
		{ECB05037-101D-4532-BADC-EF432EA8881F}.Release|Any CPU.Build.0 = Release|Any CPU
		{FD14D1E8-50FD-45FF-92A2-05FDC2B95ED4}.Debug|Any CPU.ActiveCfg = Debug|Any CPU
		{FD14D1E8-50FD-45FF-92A2-05FDC2B95ED4}.Debug|Any CPU.Build.0 = Debug|Any CPU
		{FD14D1E8-50FD-45FF-92A2-05FDC2B95ED4}.Release|Any CPU.ActiveCfg = Release|Any CPU
		{FD14D1E8-50FD-45FF-92A2-05FDC2B95ED4}.Release|Any CPU.Build.0 = Release|Any CPU
	EndGlobalSection
	GlobalSection(SolutionProperties) = preSolution
		HideSolutionNode = FALSE
	EndGlobalSection
	GlobalSection(NestedProjects) = preSolution
		{4426ED80-D4DA-48D2-998F-DB1121ABC9B7} = {72875358-ACD8-4B4E-8190-0C0E5E5C9BF9}
		{885B3750-142F-4584-8797-B75F0FAD7B14} = {4426ED80-D4DA-48D2-998F-DB1121ABC9B7}
		{E4B4118A-74DD-4254-B72B-EE2A552D27DC} = {72875358-ACD8-4B4E-8190-0C0E5E5C9BF9}
		{ECB05037-101D-4532-BADC-EF432EA8881F} = {E4B4118A-74DD-4254-B72B-EE2A552D27DC}
		{2F710F73-A9FD-486A-BEFA-D6D2E4192FB2} = {72875358-ACD8-4B4E-8190-0C0E5E5C9BF9}
		{FD14D1E8-50FD-45FF-92A2-05FDC2B95ED4} = {2F710F73-A9FD-486A-BEFA-D6D2E4192FB2}
	EndGlobalSection
	GlobalSection(ExtensibilityGlobals) = postSolution
		SolutionGuid = {BF730186-0A34-448E-87C0-122AC1FC2114}
	EndGlobalSection
EndGlobal
