
Microsoft Visual Studio Solution File, Format Version 12.00
# Visual Studio Version 17
VisualStudioVersion = 17.5.33424.131
MinimumVisualStudioVersion = 10.0.40219.1
Project("{2150E333-8FDC-42A3-9474-1A3956D46DE8}") = "Services", "Services", "{72875358-ACD8-4B4E-8190-0C0E5E5C9BF9}"
EndProject
Project("{2150E333-8FDC-42A3-9474-1A3956D46DE8}") = "Catalog", "Catalog", "{4426ED80-D4DA-48D2-998F-DB1121ABC9B7}"
EndProject
Project("{FAE04EC0-301F-11D3-BF4B-00C04F79EFBC}") = "Catalog.API", "Services\Catalog\Catalog.API\Catalog.API.csproj", "{885B3750-142F-4584-8797-B75F0FAD7B14}"
EndProject
Global
	GlobalSection(SolutionConfigurationPlatforms) = preSolution
		Debug|Any CPU = Debug|Any CPU
		Release|Any CPU = Release|Any CPU
	EndGlobalSection
	GlobalSection(ProjectConfigurationPlatforms) = postSolution
		{885B3750-142F-4584-8797-B75F0FAD7B14}.Debug|Any CPU.ActiveCfg = Debug|Any CPU
		{885B3750-142F-4584-8797-B75F0FAD7B14}.Debug|Any CPU.Build.0 = Debug|Any CPU
		{885B3750-142F-4584-8797-B75F0FAD7B14}.Release|Any CPU.ActiveCfg = Release|Any CPU
		{885B3750-142F-4584-8797-B75F0FAD7B14}.Release|Any CPU.Build.0 = Release|Any CPU
	EndGlobalSection
	GlobalSection(SolutionProperties) = preSolution
		HideSolutionNode = FALSE
	EndGlobalSection
	GlobalSection(NestedProjects) = preSolution
		{4426ED80-D4DA-48D2-998F-DB1121ABC9B7} = {72875358-ACD8-4B4E-8190-0C0E5E5C9BF9}
		{885B3750-142F-4584-8797-B75F0FAD7B14} = {4426ED80-D4DA-48D2-998F-DB1121ABC9B7}
	EndGlobalSection
	GlobalSection(ExtensibilityGlobals) = postSolution
		SolutionGuid = {BF730186-0A34-448E-87C0-122AC1FC2114}
	EndGlobalSection
EndGlobal
